
Microsoft Visual Studio Solution File, Format Version 12.00
Project("{FAE04EC0-301F-11D3-BF4B-00C04F79EFBC}") = "Pretty-Volume-HUD", "Pretty-Volume-HUD\Pretty-Volume-HUD.csproj", "{C9D59BDD-C534-4D47-AEEA-690F45535652}"
EndProject
Global
	GlobalSection(SolutionConfigurationPlatforms) = preSolution
		Debug|Any CPU = Debug|Any CPU
		Release|Any CPU = Release|Any CPU
	EndGlobalSection
	GlobalSection(ProjectConfigurationPlatforms) = postSolution
		{C9D59BDD-C534-4D47-AEEA-690F45535652}.Debug|Any CPU.ActiveCfg = Debug|Any CPU
		{C9D59BDD-C534-4D47-AEEA-690F45535652}.Debug|Any CPU.Build.0 = Debug|Any CPU
		{C9D59BDD-C534-4D47-AEEA-690F45535652}.Release|Any CPU.ActiveCfg = Release|Any CPU
		{C9D59BDD-C534-4D47-AEEA-690F45535652}.Release|Any CPU.Build.0 = Release|Any CPU
	EndGlobalSection
EndGlobal
